
Microsoft Visual Studio Solution File, Format Version 12.00
# Visual Studio 15
VisualStudioVersion = 15.0.26730.10
MinimumVisualStudioVersion = 10.0.40219.1
Project("{FAE04EC0-301F-11D3-BF4B-00C04F79EFBC}") = "WebApplicationDocker", "WebApplicationDocker\WebApplicationDocker.csproj", "{A3E0091C-9BE7-4A27-8EA2-A6AC056495EF}"
EndProject
Global
	GlobalSection(SolutionConfigurationPlatforms) = preSolution
		Debug|Any CPU = Debug|Any CPU
		Release|Any CPU = Release|Any CPU
	EndGlobalSection
	GlobalSection(ProjectConfigurationPlatforms) = postSolution
		{A3E0091C-9BE7-4A27-8EA2-A6AC056495EF}.Debug|Any CPU.ActiveCfg = Debug|Any CPU
		{A3E0091C-9BE7-4A27-8EA2-A6AC056495EF}.Debug|Any CPU.Build.0 = Debug|Any CPU
		{A3E0091C-9BE7-4A27-8EA2-A6AC056495EF}.Release|Any CPU.ActiveCfg = Release|Any CPU
		{A3E0091C-9BE7-4A27-8EA2-A6AC056495EF}.Release|Any CPU.Build.0 = Release|Any CPU
	EndGlobalSection
	GlobalSection(SolutionProperties) = preSolution
		HideSolutionNode = FALSE
	EndGlobalSection
	GlobalSection(ExtensibilityGlobals) = postSolution
		SolutionGuid = {08B7FC5F-CB2B-4494-A908-388F4B285441}
	EndGlobalSection
EndGlobal
